
Microsoft Visual Studio Solution File, Format Version 12.00
# Visual Studio Version 16
VisualStudioVersion = 16.0.29613.14
MinimumVisualStudioVersion = 10.0.40219.1
Project("{FAE04EC0-301F-11D3-BF4B-00C04F79EFBC}") = "pwgen", "pwgen\pwgen.csproj", "{68C8C3A8-9C4F-48EC-B444-34E6EE942A2C}"
EndProject
Global
	GlobalSection(SolutionConfigurationPlatforms) = preSolution
		Debug|Any CPU = Debug|Any CPU
		Release|Any CPU = Release|Any CPU
	EndGlobalSection
	GlobalSection(ProjectConfigurationPlatforms) = postSolution
		{68C8C3A8-9C4F-48EC-B444-34E6EE942A2C}.Debug|Any CPU.ActiveCfg = Debug|Any CPU
		{68C8C3A8-9C4F-48EC-B444-34E6EE942A2C}.Debug|Any CPU.Build.0 = Debug|Any CPU
		{68C8C3A8-9C4F-48EC-B444-34E6EE942A2C}.Release|Any CPU.ActiveCfg = Release|Any CPU
		{68C8C3A8-9C4F-48EC-B444-34E6EE942A2C}.Release|Any CPU.Build.0 = Release|Any CPU
	EndGlobalSection
	GlobalSection(SolutionProperties) = preSolution
		HideSolutionNode = FALSE
	EndGlobalSection
	GlobalSection(ExtensibilityGlobals) = postSolution
		SolutionGuid = {DD51572D-E72C-427D-9E6B-578C77173FA7}
	EndGlobalSection
EndGlobal
