
Microsoft Visual Studio Solution File, Format Version 12.00
# Visual Studio 15
VisualStudioVersion = 15.0.28307.1000
MinimumVisualStudioVersion = 10.0.40219.1
Project("{FAE04EC0-301F-11D3-BF4B-00C04F79EFBC}") = "TilfeldigFirkanter", "TilfeldigFirkanter\TilfeldigFirkanter.csproj", "{FF6C2AEC-AD45-45BA-A5F4-7810A2A27A78}"
EndProject
Global
	GlobalSection(SolutionConfigurationPlatforms) = preSolution
		Debug|Any CPU = Debug|Any CPU
		Release|Any CPU = Release|Any CPU
	EndGlobalSection
	GlobalSection(ProjectConfigurationPlatforms) = postSolution
		{FF6C2AEC-AD45-45BA-A5F4-7810A2A27A78}.Debug|Any CPU.ActiveCfg = Debug|Any CPU
		{FF6C2AEC-AD45-45BA-A5F4-7810A2A27A78}.Debug|Any CPU.Build.0 = Debug|Any CPU
		{FF6C2AEC-AD45-45BA-A5F4-7810A2A27A78}.Release|Any CPU.ActiveCfg = Release|Any CPU
		{FF6C2AEC-AD45-45BA-A5F4-7810A2A27A78}.Release|Any CPU.Build.0 = Release|Any CPU
	EndGlobalSection
	GlobalSection(SolutionProperties) = preSolution
		HideSolutionNode = FALSE
	EndGlobalSection
	GlobalSection(ExtensibilityGlobals) = postSolution
		SolutionGuid = {9ACB0B8F-CB27-4594-AFCD-228E9A311F4C}
	EndGlobalSection
EndGlobal
